
Microsoft Visual Studio Solution File, Format Version 12.00
# Visual Studio Version 17
VisualStudioVersion = 17.3.32922.545
MinimumVisualStudioVersion = 10.0.40219.1
Project("{9A19103F-16F7-4668-BE54-9A1E7A4F7556}") = "AsyncStreamsApi", "AsyncStreamsApi\AsyncStreamsApi.csproj", "{F408A5B5-2E01-459F-A026-7861117593A9}"
EndProject
Project("{FAE04EC0-301F-11D3-BF4B-00C04F79EFBC}") = "AsyncStreams.BlazorServer.Web", "AsyncStreams.BlazorServer.Web\AsyncStreams.BlazorServer.Web.csproj", "{BF317052-785F-489B-B7B6-81953F01C20A}"
EndProject
Global
	GlobalSection(SolutionConfigurationPlatforms) = preSolution
		Debug|Any CPU = Debug|Any CPU
		Release|Any CPU = Release|Any CPU
	EndGlobalSection
	GlobalSection(ProjectConfigurationPlatforms) = postSolution
		{F408A5B5-2E01-459F-A026-7861117593A9}.Debug|Any CPU.ActiveCfg = Debug|Any CPU
		{F408A5B5-2E01-459F-A026-7861117593A9}.Debug|Any CPU.Build.0 = Debug|Any CPU
		{F408A5B5-2E01-459F-A026-7861117593A9}.Release|Any CPU.ActiveCfg = Release|Any CPU
		{F408A5B5-2E01-459F-A026-7861117593A9}.Release|Any CPU.Build.0 = Release|Any CPU
		{BF317052-785F-489B-B7B6-81953F01C20A}.Debug|Any CPU.ActiveCfg = Debug|Any CPU
		{BF317052-785F-489B-B7B6-81953F01C20A}.Debug|Any CPU.Build.0 = Debug|Any CPU
		{BF317052-785F-489B-B7B6-81953F01C20A}.Release|Any CPU.ActiveCfg = Release|Any CPU
		{BF317052-785F-489B-B7B6-81953F01C20A}.Release|Any CPU.Build.0 = Release|Any CPU
	EndGlobalSection
	GlobalSection(SolutionProperties) = preSolution
		HideSolutionNode = FALSE
	EndGlobalSection
	GlobalSection(ExtensibilityGlobals) = postSolution
		SolutionGuid = {F0E5739E-39AE-413F-826C-7C6EEEC34094}
	EndGlobalSection
EndGlobal
